
Microsoft Visual Studio Solution File, Format Version 12.00
# Visual Studio 15
VisualStudioVersion = 15.0.26430.16
MinimumVisualStudioVersion = 10.0.40219.1
Project("{2150E333-8FDC-42A3-9474-1A3956D46DE8}") = "Engine", "Engine", "{900D3156-493F-4C08-8EB4-859EE7B343BD}"
EndProject
Project("{2150E333-8FDC-42A3-9474-1A3956D46DE8}") = "Games", "Games", "{27A78043-FDF2-47B0-9F83-A2E455A37086}"
EndProject
Project("{8BC9CEB8-8B4A-11D0-8D11-00A0C91BC942}") = "UE4", "Intermediate\ProjectFiles\UE4.vcxproj", "{5D4D700F-B391-49BB-91EF-21CF9B932611}"
EndProject
Project("{8BC9CEB8-8B4A-11D0-8D11-00A0C91BC942}") = "SalwaRTS", "Intermediate\ProjectFiles\SalwaRTS.vcxproj", "{040C5FC8-0BCC-4EF8-AE18-26F356E271FB}"
EndProject
Global
	GlobalSection(SolutionConfigurationPlatforms) = preSolution
		DebugGame Editor|HTML5 = DebugGame Editor|HTML5
		DebugGame Editor|Win32 = DebugGame Editor|Win32
		DebugGame Editor|Win64 = DebugGame Editor|Win64
		DebugGame|HTML5 = DebugGame|HTML5
		DebugGame|Win32 = DebugGame|Win32
		DebugGame|Win64 = DebugGame|Win64
		Development Editor|HTML5 = Development Editor|HTML5
		Development Editor|Win32 = Development Editor|Win32
		Development Editor|Win64 = Development Editor|Win64
		Development|HTML5 = Development|HTML5
		Development|Win32 = Development|Win32
		Development|Win64 = Development|Win64
		Shipping|HTML5 = Shipping|HTML5
		Shipping|Win32 = Shipping|Win32
		Shipping|Win64 = Shipping|Win64
	EndGlobalSection
	GlobalSection(ProjectConfigurationPlatforms) = postSolution
		{5D4D700F-B391-49BB-91EF-21CF9B932611}.DebugGame Editor|HTML5.ActiveCfg = BuiltWithUnrealBuildTool|Win32
		{5D4D700F-B391-49BB-91EF-21CF9B932611}.DebugGame Editor|HTML5.Build.0 = BuiltWithUnrealBuildTool|Win32
		{5D4D700F-B391-49BB-91EF-21CF9B932611}.DebugGame Editor|Win32.ActiveCfg = BuiltWithUnrealBuildTool|Win32
		{5D4D700F-B391-49BB-91EF-21CF9B932611}.DebugGame Editor|Win32.Build.0 = BuiltWithUnrealBuildTool|Win32
		{5D4D700F-B391-49BB-91EF-21CF9B932611}.DebugGame Editor|Win64.ActiveCfg = BuiltWithUnrealBuildTool|Win32
		{5D4D700F-B391-49BB-91EF-21CF9B932611}.DebugGame Editor|Win64.Build.0 = BuiltWithUnrealBuildTool|Win32
		{5D4D700F-B391-49BB-91EF-21CF9B932611}.DebugGame|HTML5.ActiveCfg = BuiltWithUnrealBuildTool|Win32
		{5D4D700F-B391-49BB-91EF-21CF9B932611}.DebugGame|HTML5.Build.0 = BuiltWithUnrealBuildTool|Win32
		{5D4D700F-B391-49BB-91EF-21CF9B932611}.DebugGame|Win32.ActiveCfg = BuiltWithUnrealBuildTool|Win32
		{5D4D700F-B391-49BB-91EF-21CF9B932611}.DebugGame|Win32.Build.0 = BuiltWithUnrealBuildTool|Win32
		{5D4D700F-B391-49BB-91EF-21CF9B932611}.DebugGame|Win64.ActiveCfg = BuiltWithUnrealBuildTool|Win32
		{5D4D700F-B391-49BB-91EF-21CF9B932611}.DebugGame|Win64.Build.0 = BuiltWithUnrealBuildTool|Win32
		{5D4D700F-B391-49BB-91EF-21CF9B932611}.Development Editor|HTML5.ActiveCfg = BuiltWithUnrealBuildTool|Win32
		{5D4D700F-B391-49BB-91EF-21CF9B932611}.Development Editor|HTML5.Build.0 = BuiltWithUnrealBuildTool|Win32
		{5D4D700F-B391-49BB-91EF-21CF9B932611}.Development Editor|Win32.ActiveCfg = BuiltWithUnrealBuildTool|Win32
		{5D4D700F-B391-49BB-91EF-21CF9B932611}.Development Editor|Win32.Build.0 = BuiltWithUnrealBuildTool|Win32
		{5D4D700F-B391-49BB-91EF-21CF9B932611}.Development Editor|Win64.ActiveCfg = BuiltWithUnrealBuildTool|Win32
		{5D4D700F-B391-49BB-91EF-21CF9B932611}.Development Editor|Win64.Build.0 = BuiltWithUnrealBuildTool|Win32
		{5D4D700F-B391-49BB-91EF-21CF9B932611}.Development|HTML5.ActiveCfg = BuiltWithUnrealBuildTool|Win32
		{5D4D700F-B391-49BB-91EF-21CF9B932611}.Development|HTML5.Build.0 = BuiltWithUnrealBuildTool|Win32
		{5D4D700F-B391-49BB-91EF-21CF9B932611}.Development|Win32.ActiveCfg = BuiltWithUnrealBuildTool|Win32
		{5D4D700F-B391-49BB-91EF-21CF9B932611}.Development|Win32.Build.0 = BuiltWithUnrealBuildTool|Win32
		{5D4D700F-B391-49BB-91EF-21CF9B932611}.Development|Win64.ActiveCfg = BuiltWithUnrealBuildTool|Win32
		{5D4D700F-B391-49BB-91EF-21CF9B932611}.Development|Win64.Build.0 = BuiltWithUnrealBuildTool|Win32
		{5D4D700F-B391-49BB-91EF-21CF9B932611}.Shipping|HTML5.ActiveCfg = BuiltWithUnrealBuildTool|Win32
		{5D4D700F-B391-49BB-91EF-21CF9B932611}.Shipping|HTML5.Build.0 = BuiltWithUnrealBuildTool|Win32
		{5D4D700F-B391-49BB-91EF-21CF9B932611}.Shipping|Win32.ActiveCfg = BuiltWithUnrealBuildTool|Win32
		{5D4D700F-B391-49BB-91EF-21CF9B932611}.Shipping|Win32.Build.0 = BuiltWithUnrealBuildTool|Win32
		{5D4D700F-B391-49BB-91EF-21CF9B932611}.Shipping|Win64.ActiveCfg = BuiltWithUnrealBuildTool|Win32
		{5D4D700F-B391-49BB-91EF-21CF9B932611}.Shipping|Win64.Build.0 = BuiltWithUnrealBuildTool|Win32
		{040C5FC8-0BCC-4EF8-AE18-26F356E271FB}.DebugGame Editor|HTML5.ActiveCfg = HTML5_DebugGame_Editor|Win32
		{040C5FC8-0BCC-4EF8-AE18-26F356E271FB}.DebugGame Editor|Win32.ActiveCfg = DebugGame_Editor|Win32
		{040C5FC8-0BCC-4EF8-AE18-26F356E271FB}.DebugGame Editor|Win64.ActiveCfg = DebugGame_Editor|x64
		{040C5FC8-0BCC-4EF8-AE18-26F356E271FB}.DebugGame Editor|Win64.Build.0 = DebugGame_Editor|x64
		{040C5FC8-0BCC-4EF8-AE18-26F356E271FB}.DebugGame|HTML5.ActiveCfg = HTML5_DebugGame_Game|Win32
		{040C5FC8-0BCC-4EF8-AE18-26F356E271FB}.DebugGame|HTML5.Build.0 = HTML5_DebugGame_Game|Win32
		{040C5FC8-0BCC-4EF8-AE18-26F356E271FB}.DebugGame|Win32.ActiveCfg = DebugGame_Game|Win32
		{040C5FC8-0BCC-4EF8-AE18-26F356E271FB}.DebugGame|Win32.Build.0 = DebugGame_Game|Win32
		{040C5FC8-0BCC-4EF8-AE18-26F356E271FB}.DebugGame|Win64.ActiveCfg = DebugGame_Game|x64
		{040C5FC8-0BCC-4EF8-AE18-26F356E271FB}.DebugGame|Win64.Build.0 = DebugGame_Game|x64
		{040C5FC8-0BCC-4EF8-AE18-26F356E271FB}.Development Editor|HTML5.ActiveCfg = HTML5_Development_Editor|Win32
		{040C5FC8-0BCC-4EF8-AE18-26F356E271FB}.Development Editor|Win32.ActiveCfg = Development_Editor|Win32
		{040C5FC8-0BCC-4EF8-AE18-26F356E271FB}.Development Editor|Win64.ActiveCfg = Development_Editor|x64
		{040C5FC8-0BCC-4EF8-AE18-26F356E271FB}.Development Editor|Win64.Build.0 = Development_Editor|x64
		{040C5FC8-0BCC-4EF8-AE18-26F356E271FB}.Development|HTML5.ActiveCfg = HTML5_Development_Game|Win32
		{040C5FC8-0BCC-4EF8-AE18-26F356E271FB}.Development|HTML5.Build.0 = HTML5_Development_Game|Win32
		{040C5FC8-0BCC-4EF8-AE18-26F356E271FB}.Development|Win32.ActiveCfg = Development_Game|Win32
		{040C5FC8-0BCC-4EF8-AE18-26F356E271FB}.Development|Win32.Build.0 = Development_Game|Win32
		{040C5FC8-0BCC-4EF8-AE18-26F356E271FB}.Development|Win64.ActiveCfg = Development_Game|x64
		{040C5FC8-0BCC-4EF8-AE18-26F356E271FB}.Development|Win64.Build.0 = Development_Game|x64
		{040C5FC8-0BCC-4EF8-AE18-26F356E271FB}.Shipping|HTML5.ActiveCfg = HTML5_Shipping_Game|Win32
		{040C5FC8-0BCC-4EF8-AE18-26F356E271FB}.Shipping|HTML5.Build.0 = HTML5_Shipping_Game|Win32
		{040C5FC8-0BCC-4EF8-AE18-26F356E271FB}.Shipping|Win32.ActiveCfg = Shipping_Game|Win32
		{040C5FC8-0BCC-4EF8-AE18-26F356E271FB}.Shipping|Win32.Build.0 = Shipping_Game|Win32
		{040C5FC8-0BCC-4EF8-AE18-26F356E271FB}.Shipping|Win64.ActiveCfg = Shipping_Game|x64
		{040C5FC8-0BCC-4EF8-AE18-26F356E271FB}.Shipping|Win64.Build.0 = Shipping_Game|x64
	EndGlobalSection
	GlobalSection(SolutionProperties) = preSolution
		HideSolutionNode = FALSE
	EndGlobalSection
	GlobalSection(NestedProjects) = preSolution
		{5D4D700F-B391-49BB-91EF-21CF9B932611} = {900D3156-493F-4C08-8EB4-859EE7B343BD}
		{040C5FC8-0BCC-4EF8-AE18-26F356E271FB} = {27A78043-FDF2-47B0-9F83-A2E455A37086}
	EndGlobalSection
EndGlobal
